
Microsoft Visual Studio Solution File, Format Version 12.00
# Visual Studio Version 17
VisualStudioVersion = 17.14.36121.58 d17.14
MinimumVisualStudioVersion = 10.0.40219.1
Project("{FAE04EC0-301F-11D3-BF4B-00C04F79EFBC}") = "ProyectoGraficaP1", "ProyectoGraficaP1.csproj", "{080B8144-AA78-4325-BF11-1B09DE9297A0}"
EndProject
Global
	GlobalSection(SolutionConfigurationPlatforms) = preSolution
		Debug|Any CPU = Debug|Any CPU
		Release|Any CPU = Release|Any CPU
	EndGlobalSection
	GlobalSection(ProjectConfigurationPlatforms) = postSolution
		{080B8144-AA78-4325-BF11-1B09DE9297A0}.Debug|Any CPU.ActiveCfg = Debug|Any CPU
		{080B8144-AA78-4325-BF11-1B09DE9297A0}.Debug|Any CPU.Build.0 = Debug|Any CPU
		{080B8144-AA78-4325-BF11-1B09DE9297A0}.Release|Any CPU.ActiveCfg = Release|Any CPU
		{080B8144-AA78-4325-BF11-1B09DE9297A0}.Release|Any CPU.Build.0 = Release|Any CPU
	EndGlobalSection
	GlobalSection(SolutionProperties) = preSolution
		HideSolutionNode = FALSE
	EndGlobalSection
	GlobalSection(ExtensibilityGlobals) = postSolution
		SolutionGuid = {EF89C4E8-7534-499A-A771-5D35B991BF36}
	EndGlobalSection
EndGlobal
